// !$*UTF8*$!
{
	archiveVersion = 1;
	classes = {
	};
	objectVersion = 50;
	objects = {

/* Begin PBXBuildFile section */
		59D97DF5A0DB3F549D601091 /* libPods-HeroiTests.a in Frameworks */ = {isa = PBXBuildFile; fileRef = 38C8F6AB84411D21D3D4C31A /* libPods-HeroiTests.a */; };
		752FEDDA39C01F6B72049ED5 /* libPods-Heroi-HeroiUITests.a in Frameworks */ = {isa = PBXBuildFile; fileRef = BF01561D3A95A2D1D37C03C0 /* libPods-Heroi-HeroiUITests.a */; };
		7C042005260820E500091C9B /* QuizViewController.swift in Sources */ = {isa = PBXBuildFile; fileRef = 7C042004260820E500091C9B /* QuizViewController.swift */; };
		7C0420092608354F00091C9B /* QuizModel.swift in Sources */ = {isa = PBXBuildFile; fileRef = 7C0420082608354F00091C9B /* QuizModel.swift */; };
		7C04200D2609819200091C9B /* HomeCoordinator.swift in Sources */ = {isa = PBXBuildFile; fileRef = 7C04200C2609819200091C9B /* HomeCoordinator.swift */; };
		7C04201226098F6200091C9B /* AppCoordinator.swift in Sources */ = {isa = PBXBuildFile; fileRef = 7C04201126098F6200091C9B /* AppCoordinator.swift */; };
		7C0420182609A00A00091C9B /* Coordinator.swift in Sources */ = {isa = PBXBuildFile; fileRef = 7C0420172609A00A00091C9B /* Coordinator.swift */; };
		7C04201F2609AAF400091C9B /* PreferredCoordinator.swift in Sources */ = {isa = PBXBuildFile; fileRef = 7C04201E2609AAF400091C9B /* PreferredCoordinator.swift */; };
		7C0420222609ABA400091C9B /* ShowHeroCoordinator.swift in Sources */ = {isa = PBXBuildFile; fileRef = 7C0420212609ABA400091C9B /* ShowHeroCoordinator.swift */; };
		7C0420262609AC9D00091C9B /* SelectCoordinator.swift in Sources */ = {isa = PBXBuildFile; fileRef = 7C0420252609AC9D00091C9B /* SelectCoordinator.swift */; };
		7C04202A260AFBE000091C9B /* QuizCoordinator.swift in Sources */ = {isa = PBXBuildFile; fileRef = 7C042029260AFBE000091C9B /* QuizCoordinator.swift */; };
		7C042030260BFC1300091C9B /* CustomLabel.swift in Sources */ = {isa = PBXBuildFile; fileRef = 7C04202F260BFC1300091C9B /* CustomLabel.swift */; };
		7C042032260D2B5E00091C9B /* CustomiViews.swift in Sources */ = {isa = PBXBuildFile; fileRef = 7C042031260D2B5E00091C9B /* CustomiViews.swift */; };
		7C042036260E58A600091C9B /* HomeViewModelTests.swift in Sources */ = {isa = PBXBuildFile; fileRef = 7C042035260E58A600091C9B /* HomeViewModelTests.swift */; };
		7C04203B260E633300091C9B /* HomeModelTests.swift in Sources */ = {isa = PBXBuildFile; fileRef = 7C04203A260E633300091C9B /* HomeModelTests.swift */; };
		7C04203F260E66A300091C9B /* PreferredModelTests.swift in Sources */ = {isa = PBXBuildFile; fileRef = 7C04203E260E66A300091C9B /* PreferredModelTests.swift */; };
		7C042043260E672900091C9B /* SelectViewModelTests.swift in Sources */ = {isa = PBXBuildFile; fileRef = 7C042042260E672900091C9B /* SelectViewModelTests.swift */; };
		7C042045260E6AF300091C9B /* HomeViewControllerTests.swift in Sources */ = {isa = PBXBuildFile; fileRef = 7C042044260E6AF300091C9B /* HomeViewControllerTests.swift */; };
		7C042048260EB87B00091C9B /* DecodableTests.swift in Sources */ = {isa = PBXBuildFile; fileRef = 7C042047260EB87B00091C9B /* DecodableTests.swift */; };
		7C0CCAFE26081D2C0013F4F1 /* QuizViewModel.swift in Sources */ = {isa = PBXBuildFile; fileRef = 7C0CCAFD26081D2C0013F4F1 /* QuizViewModel.swift */; };
		7C63CB352612548800560823 /* PreferredViewModelTests.swift in Sources */ = {isa = PBXBuildFile; fileRef = 7C63CB342612548800560823 /* PreferredViewModelTests.swift */; };
		7C63CB3B2612583E00560823 /* SelectModelTests.swift in Sources */ = {isa = PBXBuildFile; fileRef = 7C63CB3A2612583E00560823 /* SelectModelTests.swift */; };
		7C63CB3D26136B6A00560823 /* QuizViewModelTests.swift in Sources */ = {isa = PBXBuildFile; fileRef = 7C63CB3C26136B6A00560823 /* QuizViewModelTests.swift */; };
		7C63CB4026136E1200560823 /* QuizModelTests.swift in Sources */ = {isa = PBXBuildFile; fileRef = 7C63CB3F26136E1200560823 /* QuizModelTests.swift */; };
		7C63CB42261376B000560823 /* ShowHeroViewControllerTests.swift in Sources */ = {isa = PBXBuildFile; fileRef = 7C63CB41261376B000560823 /* ShowHeroViewControllerTests.swift */; };
		7C63CC10262FF28500560823 /* GoogleService-Info.plist in Resources */ = {isa = PBXBuildFile; fileRef = 7C63CC0F262FF28500560823 /* GoogleService-Info.plist */; };
		7C63CC4D2632843200560823 /* LoginViewController.swift in Sources */ = {isa = PBXBuildFile; fileRef = 7C63CC4B2632843200560823 /* LoginViewController.swift */; };
		7C63CC4E2632843200560823 /* LoginViewController.xib in Resources */ = {isa = PBXBuildFile; fileRef = 7C63CC4C2632843200560823 /* LoginViewController.xib */; };
		7C63CC512632876000560823 /* LoginCoordinator.swift in Sources */ = {isa = PBXBuildFile; fileRef = 7C63CC502632876000560823 /* LoginCoordinator.swift */; };
		7C7448D926426BD8003CB929 /* Envoutement.swift in Sources */ = {isa = PBXBuildFile; fileRef = 7C7448D826426BD8003CB929 /* Envoutement.swift */; };
		7CEDBF3A25F45EC900EA76F5 /* AppDelegate.swift in Sources */ = {isa = PBXBuildFile; fileRef = 7CEDBF3925F45EC900EA76F5 /* AppDelegate.swift */; };
		7CEDBF4625F45ECA00EA76F5 /* LaunchScreen.storyboard in Resources */ = {isa = PBXBuildFile; fileRef = 7CEDBF4425F45ECA00EA76F5 /* LaunchScreen.storyboard */; };
		7CEDBF5125F45ECA00EA76F5 /* HeroiTests.swift in Sources */ = {isa = PBXBuildFile; fileRef = 7CEDBF5025F45ECA00EA76F5 /* HeroiTests.swift */; };
		7CEDBF5C25F45ECA00EA76F5 /* HeroiUITests.swift in Sources */ = {isa = PBXBuildFile; fileRef = 7CEDBF5B25F45ECA00EA76F5 /* HeroiUITests.swift */; };
		7CEDBF7625F460B500EA76F5 /* ProtocoloReusableView.swift in Sources */ = {isa = PBXBuildFile; fileRef = 7CEDBF7425F460B500EA76F5 /* ProtocoloReusableView.swift */; };
		7CEDBF7725F460B500EA76F5 /* ProtocoloNib.swift in Sources */ = {isa = PBXBuildFile; fileRef = 7CEDBF7525F460B500EA76F5 /* ProtocoloNib.swift */; };
		7CEDBF7C25F460C100EA76F5 /* UITableViewCell+Extrension.swift in Sources */ = {isa = PBXBuildFile; fileRef = 7CEDBF7825F460C100EA76F5 /* UITableViewCell+Extrension.swift */; };
		7CEDBF7D25F460C100EA76F5 /* Decodable+Extension.swift in Sources */ = {isa = PBXBuildFile; fileRef = 7CEDBF7925F460C100EA76F5 /* Decodable+Extension.swift */; };
		7CEDBF7E25F460C100EA76F5 /* UITextField+Extension.swift in Sources */ = {isa = PBXBuildFile; fileRef = 7CEDBF7A25F460C100EA76F5 /* UITextField+Extension.swift */; };
		7CEDBF7F25F460C100EA76F5 /* UICollectionViewCell+Extension.swift in Sources */ = {isa = PBXBuildFile; fileRef = 7CEDBF7B25F460C100EA76F5 /* UICollectionViewCell+Extension.swift */; };
		7CEDBF8125F460D900EA76F5 /* Assets.xcassets in Resources */ = {isa = PBXBuildFile; fileRef = 7CEDBF8025F460D900EA76F5 /* Assets.xcassets */; };
		7CEDBF8325F460EE00EA76F5 /* EmailMock.json in Resources */ = {isa = PBXBuildFile; fileRef = 7CEDBF8225F460EE00EA76F5 /* EmailMock.json */; };
		7CEDBF8725F4610B00EA76F5 /* HomeView.xib in Resources */ = {isa = PBXBuildFile; fileRef = 7CEDBF8525F4610B00EA76F5 /* HomeView.xib */; };
		7CEDBFA625F956DB00EA76F5 /* CustomButton.swift in Sources */ = {isa = PBXBuildFile; fileRef = 7CEDBFA525F956DB00EA76F5 /* CustomButton.swift */; };
		7CEDBFAB25FB17A000EA76F5 /* HomeMock.json in Resources */ = {isa = PBXBuildFile; fileRef = 7CEDBFAA25FB17A000EA76F5 /* HomeMock.json */; };
		7CEDBFB025FB185C00EA76F5 /* HomeModel.swift in Sources */ = {isa = PBXBuildFile; fileRef = 7CEDBFAF25FB185C00EA76F5 /* HomeModel.swift */; };
		7CEDBFB225FB190200EA76F5 /* HomeViewModel.swift in Sources */ = {isa = PBXBuildFile; fileRef = 7CEDBFB125FB190200EA76F5 /* HomeViewModel.swift */; };
		7CEDBFB625FB1EE900EA76F5 /* HomeCell.swift in Sources */ = {isa = PBXBuildFile; fileRef = 7CEDBFB525FB1EE900EA76F5 /* HomeCell.swift */; };
		7CEDBFB825FB1FEE00EA76F5 /* HomeCell.xib in Resources */ = {isa = PBXBuildFile; fileRef = 7CEDBFB725FB1FEE00EA76F5 /* HomeCell.xib */; };
		7CEDBFBA25FB2BC700EA76F5 /* HomeViewController.swift in Sources */ = {isa = PBXBuildFile; fileRef = 7CEDBFB925FB2BC700EA76F5 /* HomeViewController.swift */; };
		7CEDBFC625FC61A200EA76F5 /* SelectViewController.swift in Sources */ = {isa = PBXBuildFile; fileRef = 7CEDBFC425FC61A200EA76F5 /* SelectViewController.swift */; };
		7CEDBFC725FC61A200EA76F5 /* SelectView.xib in Resources */ = {isa = PBXBuildFile; fileRef = 7CEDBFC525FC61A200EA76F5 /* SelectView.xib */; };
		7CEDBFCA25FC6A1200EA76F5 /* SelectCell.swift in Sources */ = {isa = PBXBuildFile; fileRef = 7CEDBFC825FC6A1200EA76F5 /* SelectCell.swift */; };
		7CEDBFCB25FC6A1200EA76F5 /* SelectCell.xib in Resources */ = {isa = PBXBuildFile; fileRef = 7CEDBFC925FC6A1200EA76F5 /* SelectCell.xib */; };
		7CEDBFCD25FC6F7C00EA76F5 /* SelectHeroes.json in Resources */ = {isa = PBXBuildFile; fileRef = 7CEDBFCC25FC6F7C00EA76F5 /* SelectHeroes.json */; };
		7CFB5CA825FD5EFA00FB2B5B /* PreferredViewController.swift in Sources */ = {isa = PBXBuildFile; fileRef = 7CFB5CA625FD5EFA00FB2B5B /* PreferredViewController.swift */; };
		7CFB5CA925FD5EFA00FB2B5B /* PreferredViewController.xib in Resources */ = {isa = PBXBuildFile; fileRef = 7CFB5CA725FD5EFA00FB2B5B /* PreferredViewController.xib */; };
		7CFB5CAE25FDCB1000FB2B5B /* PreferredTableViewCell.swift in Sources */ = {isa = PBXBuildFile; fileRef = 7CFB5CAC25FDCB1000FB2B5B /* PreferredTableViewCell.swift */; };
		7CFB5CAF25FDCB1000FB2B5B /* PreferredTableViewCell.xib in Resources */ = {isa = PBXBuildFile; fileRef = 7CFB5CAD25FDCB1000FB2B5B /* PreferredTableViewCell.xib */; };
		7CFB5CB825FDCCF900FB2B5B /* QuizView.xib in Resources */ = {isa = PBXBuildFile; fileRef = 7CFB5CB625FDCCF900FB2B5B /* QuizView.xib */; };
		7CFB5CBA2600474100FB2B5B /* SelectMock.json in Resources */ = {isa = PBXBuildFile; fileRef = 7CFB5CB92600474100FB2B5B /* SelectMock.json */; };
		7CFB5CBC260047A300FB2B5B /* PreferredModal.swift in Sources */ = {isa = PBXBuildFile; fileRef = 7CFB5CBB260047A300FB2B5B /* PreferredModal.swift */; };
		7CFB5CBE260047DF00FB2B5B /* PreferredViewModel.swift in Sources */ = {isa = PBXBuildFile; fileRef = 7CFB5CBD260047DF00FB2B5B /* PreferredViewModel.swift */; };
		7CFB5CC026004F1F00FB2B5B /* SelectViewModel.swift in Sources */ = {isa = PBXBuildFile; fileRef = 7CFB5CBF26004F1F00FB2B5B /* SelectViewModel.swift */; };
		7CFB5CC226004F3300FB2B5B /* SelectModel.swift in Sources */ = {isa = PBXBuildFile; fileRef = 7CFB5CC126004F3300FB2B5B /* SelectModel.swift */; };
		7CFB5CC42601A0DF00FB2B5B /* PreferredMock.json in Resources */ = {isa = PBXBuildFile; fileRef = 7CFB5CC32601A0DF00FB2B5B /* PreferredMock.json */; };
		7CFB5CCC2602E5A200FB2B5B /* ShowHeroViewController.swift in Sources */ = {isa = PBXBuildFile; fileRef = 7CFB5CCA2602E5A200FB2B5B /* ShowHeroViewController.swift */; };
		7CFB5CCD2602E5A200FB2B5B /* ShowHeroViewController.xib in Resources */ = {isa = PBXBuildFile; fileRef = 7CFB5CCB2602E5A200FB2B5B /* ShowHeroViewController.xib */; };
		7CFB5CCF2602EDF000FB2B5B /* ShowHeroModel.swift in Sources */ = {isa = PBXBuildFile; fileRef = 7CFB5CCE2602EDF000FB2B5B /* ShowHeroModel.swift */; };
		7CFB5CD926030CB400FB2B5B /* PreloginTest.swift in Sources */ = {isa = PBXBuildFile; fileRef = 7CFB5CD826030CB400FB2B5B /* PreloginTest.swift */; };
		823233353C7D2D6F8C6567B6 /* libPods-Heroi.a in Frameworks */ = {isa = PBXBuildFile; fileRef = 816B56A1B3CD8B340DE2F40E /* libPods-Heroi.a */; };
/* End PBXBuildFile section */

/* Begin PBXContainerItemProxy section */
		7CEDBF4D25F45ECA00EA76F5 /* PBXContainerItemProxy */ = {
			isa = PBXContainerItemProxy;
			containerPortal = 7CEDBF2E25F45EC900EA76F5 /* Project object */;
			proxyType = 1;
			remoteGlobalIDString = 7CEDBF3525F45EC900EA76F5;
			remoteInfo = Heroi;
		};
		7CEDBF5825F45ECA00EA76F5 /* PBXContainerItemProxy */ = {
			isa = PBXContainerItemProxy;
			containerPortal = 7CEDBF2E25F45EC900EA76F5 /* Project object */;
			proxyType = 1;
			remoteGlobalIDString = 7CEDBF3525F45EC900EA76F5;
			remoteInfo = Heroi;
		};
/* End PBXContainerItemProxy section */

/* Begin PBXFileReference section */
		38C8F6AB84411D21D3D4C31A /* libPods-HeroiTests.a */ = {isa = PBXFileReference; explicitFileType = archive.ar; includeInIndex = 0; path = "libPods-HeroiTests.a"; sourceTree = BUILT_PRODUCTS_DIR; };
		59ACDABE105940A02183008B /* Pods-HeroiTests.debug.xcconfig */ = {isa = PBXFileReference; includeInIndex = 1; lastKnownFileType = text.xcconfig; name = "Pods-HeroiTests.debug.xcconfig"; path = "Target Support Files/Pods-HeroiTests/Pods-HeroiTests.debug.xcconfig"; sourceTree = "<group>"; };
		704A78D79A5DEB3C32EDE659 /* Pods-HeroiTests.release.xcconfig */ = {isa = PBXFileReference; includeInIndex = 1; lastKnownFileType = text.xcconfig; name = "Pods-HeroiTests.release.xcconfig"; path = "Target Support Files/Pods-HeroiTests/Pods-HeroiTests.release.xcconfig"; sourceTree = "<group>"; };
		7C042004260820E500091C9B /* QuizViewController.swift */ = {isa = PBXFileReference; lastKnownFileType = sourcecode.swift; path = QuizViewController.swift; sourceTree = "<group>"; };
		7C0420082608354F00091C9B /* QuizModel.swift */ = {isa = PBXFileReference; lastKnownFileType = sourcecode.swift; path = QuizModel.swift; sourceTree = "<group>"; };
		7C04200C2609819200091C9B /* HomeCoordinator.swift */ = {isa = PBXFileReference; lastKnownFileType = sourcecode.swift; path = HomeCoordinator.swift; sourceTree = "<group>"; };
		7C04201126098F6200091C9B /* AppCoordinator.swift */ = {isa = PBXFileReference; lastKnownFileType = sourcecode.swift; path = AppCoordinator.swift; sourceTree = "<group>"; };
		7C0420172609A00A00091C9B /* Coordinator.swift */ = {isa = PBXFileReference; lastKnownFileType = sourcecode.swift; path = Coordinator.swift; sourceTree = "<group>"; };
		7C04201E2609AAF400091C9B /* PreferredCoordinator.swift */ = {isa = PBXFileReference; lastKnownFileType = sourcecode.swift; path = PreferredCoordinator.swift; sourceTree = "<group>"; };
		7C0420212609ABA400091C9B /* ShowHeroCoordinator.swift */ = {isa = PBXFileReference; lastKnownFileType = sourcecode.swift; path = ShowHeroCoordinator.swift; sourceTree = "<group>"; };
		7C0420252609AC9D00091C9B /* SelectCoordinator.swift */ = {isa = PBXFileReference; lastKnownFileType = sourcecode.swift; path = SelectCoordinator.swift; sourceTree = "<group>"; };
		7C042029260AFBE000091C9B /* QuizCoordinator.swift */ = {isa = PBXFileReference; lastKnownFileType = sourcecode.swift; path = QuizCoordinator.swift; sourceTree = "<group>"; };
		7C04202F260BFC1300091C9B /* CustomLabel.swift */ = {isa = PBXFileReference; lastKnownFileType = sourcecode.swift; path = CustomLabel.swift; sourceTree = "<group>"; };
		7C042031260D2B5E00091C9B /* CustomiViews.swift */ = {isa = PBXFileReference; lastKnownFileType = sourcecode.swift; path = CustomiViews.swift; sourceTree = "<group>"; };
		7C042035260E58A600091C9B /* HomeViewModelTests.swift */ = {isa = PBXFileReference; lastKnownFileType = sourcecode.swift; path = HomeViewModelTests.swift; sourceTree = "<group>"; };
		7C04203A260E633300091C9B /* HomeModelTests.swift */ = {isa = PBXFileReference; lastKnownFileType = sourcecode.swift; path = HomeModelTests.swift; sourceTree = "<group>"; };
		7C04203E260E66A300091C9B /* PreferredModelTests.swift */ = {isa = PBXFileReference; lastKnownFileType = sourcecode.swift; path = PreferredModelTests.swift; sourceTree = "<group>"; };
		7C042042260E672900091C9B /* SelectViewModelTests.swift */ = {isa = PBXFileReference; lastKnownFileType = sourcecode.swift; path = SelectViewModelTests.swift; sourceTree = "<group>"; };
		7C042044260E6AF300091C9B /* HomeViewControllerTests.swift */ = {isa = PBXFileReference; lastKnownFileType = sourcecode.swift; path = HomeViewControllerTests.swift; sourceTree = "<group>"; };
		7C042047260EB87B00091C9B /* DecodableTests.swift */ = {isa = PBXFileReference; lastKnownFileType = sourcecode.swift; path = DecodableTests.swift; sourceTree = "<group>"; };
		7C0CCAFD26081D2C0013F4F1 /* QuizViewModel.swift */ = {isa = PBXFileReference; lastKnownFileType = sourcecode.swift; path = QuizViewModel.swift; sourceTree = "<group>"; };
		7C63CB342612548800560823 /* PreferredViewModelTests.swift */ = {isa = PBXFileReference; lastKnownFileType = sourcecode.swift; path = PreferredViewModelTests.swift; sourceTree = "<group>"; };
		7C63CB3A2612583E00560823 /* SelectModelTests.swift */ = {isa = PBXFileReference; lastKnownFileType = sourcecode.swift; path = SelectModelTests.swift; sourceTree = "<group>"; };
		7C63CB3C26136B6A00560823 /* QuizViewModelTests.swift */ = {isa = PBXFileReference; lastKnownFileType = sourcecode.swift; path = QuizViewModelTests.swift; sourceTree = "<group>"; };
		7C63CB3F26136E1200560823 /* QuizModelTests.swift */ = {isa = PBXFileReference; lastKnownFileType = sourcecode.swift; path = QuizModelTests.swift; sourceTree = "<group>"; };
		7C63CB41261376B000560823 /* ShowHeroViewControllerTests.swift */ = {isa = PBXFileReference; lastKnownFileType = sourcecode.swift; path = ShowHeroViewControllerTests.swift; sourceTree = "<group>"; };
		7C63CC0F262FF28500560823 /* GoogleService-Info.plist */ = {isa = PBXFileReference; fileEncoding = 4; lastKnownFileType = text.plist.xml; path = "GoogleService-Info.plist"; sourceTree = "<group>"; };
		7C63CC4B2632843200560823 /* LoginViewController.swift */ = {isa = PBXFileReference; lastKnownFileType = sourcecode.swift; path = LoginViewController.swift; sourceTree = "<group>"; };
		7C63CC4C2632843200560823 /* LoginViewController.xib */ = {isa = PBXFileReference; lastKnownFileType = file.xib; path = LoginViewController.xib; sourceTree = "<group>"; };
		7C63CC502632876000560823 /* LoginCoordinator.swift */ = {isa = PBXFileReference; lastKnownFileType = sourcecode.swift; path = LoginCoordinator.swift; sourceTree = "<group>"; };
		7C7448D826426BD8003CB929 /* Envoutement.swift */ = {isa = PBXFileReference; lastKnownFileType = sourcecode.swift; path = Envoutement.swift; sourceTree = "<group>"; };
		7CEDBF3625F45EC900EA76F5 /* Heroi.app */ = {isa = PBXFileReference; explicitFileType = wrapper.application; includeInIndex = 0; path = Heroi.app; sourceTree = BUILT_PRODUCTS_DIR; };
		7CEDBF3925F45EC900EA76F5 /* AppDelegate.swift */ = {isa = PBXFileReference; lastKnownFileType = sourcecode.swift; path = AppDelegate.swift; sourceTree = "<group>"; };
		7CEDBF4525F45ECA00EA76F5 /* Base */ = {isa = PBXFileReference; lastKnownFileType = file.storyboard; name = Base; path = Base.lproj/LaunchScreen.storyboard; sourceTree = "<group>"; };
		7CEDBF4725F45ECA00EA76F5 /* Info.plist */ = {isa = PBXFileReference; lastKnownFileType = text.plist.xml; path = Info.plist; sourceTree = "<group>"; };
		7CEDBF4C25F45ECA00EA76F5 /* HeroiTests.xctest */ = {isa = PBXFileReference; explicitFileType = wrapper.cfbundle; includeInIndex = 0; path = HeroiTests.xctest; sourceTree = BUILT_PRODUCTS_DIR; };
		7CEDBF5025F45ECA00EA76F5 /* HeroiTests.swift */ = {isa = PBXFileReference; lastKnownFileType = sourcecode.swift; path = HeroiTests.swift; sourceTree = "<group>"; };
		7CEDBF5225F45ECA00EA76F5 /* Info.plist */ = {isa = PBXFileReference; lastKnownFileType = text.plist.xml; path = Info.plist; sourceTree = "<group>"; };
		7CEDBF5725F45ECA00EA76F5 /* HeroiUITests.xctest */ = {isa = PBXFileReference; explicitFileType = wrapper.cfbundle; includeInIndex = 0; path = HeroiUITests.xctest; sourceTree = BUILT_PRODUCTS_DIR; };
		7CEDBF5B25F45ECA00EA76F5 /* HeroiUITests.swift */ = {isa = PBXFileReference; lastKnownFileType = sourcecode.swift; path = HeroiUITests.swift; sourceTree = "<group>"; };
		7CEDBF5D25F45ECA00EA76F5 /* Info.plist */ = {isa = PBXFileReference; lastKnownFileType = text.plist.xml; path = Info.plist; sourceTree = "<group>"; };
		7CEDBF7425F460B500EA76F5 /* ProtocoloReusableView.swift */ = {isa = PBXFileReference; fileEncoding = 4; lastKnownFileType = sourcecode.swift; path = ProtocoloReusableView.swift; sourceTree = "<group>"; };
		7CEDBF7525F460B500EA76F5 /* ProtocoloNib.swift */ = {isa = PBXFileReference; fileEncoding = 4; lastKnownFileType = sourcecode.swift; path = ProtocoloNib.swift; sourceTree = "<group>"; };
		7CEDBF7825F460C100EA76F5 /* UITableViewCell+Extrension.swift */ = {isa = PBXFileReference; fileEncoding = 4; lastKnownFileType = sourcecode.swift; path = "UITableViewCell+Extrension.swift"; sourceTree = "<group>"; };
		7CEDBF7925F460C100EA76F5 /* Decodable+Extension.swift */ = {isa = PBXFileReference; fileEncoding = 4; lastKnownFileType = sourcecode.swift; path = "Decodable+Extension.swift"; sourceTree = "<group>"; };
		7CEDBF7A25F460C100EA76F5 /* UITextField+Extension.swift */ = {isa = PBXFileReference; fileEncoding = 4; lastKnownFileType = sourcecode.swift; path = "UITextField+Extension.swift"; sourceTree = "<group>"; };
		7CEDBF7B25F460C100EA76F5 /* UICollectionViewCell+Extension.swift */ = {isa = PBXFileReference; fileEncoding = 4; lastKnownFileType = sourcecode.swift; path = "UICollectionViewCell+Extension.swift"; sourceTree = "<group>"; };
		7CEDBF8025F460D900EA76F5 /* Assets.xcassets */ = {isa = PBXFileReference; lastKnownFileType = folder.assetcatalog; path = Assets.xcassets; sourceTree = "<group>"; };
		7CEDBF8225F460EE00EA76F5 /* EmailMock.json */ = {isa = PBXFileReference; fileEncoding = 4; lastKnownFileType = text.json; path = EmailMock.json; sourceTree = "<group>"; };
		7CEDBF8525F4610B00EA76F5 /* HomeView.xib */ = {isa = PBXFileReference; fileEncoding = 4; lastKnownFileType = file.xib; path = HomeView.xib; sourceTree = "<group>"; };
		7CEDBFA525F956DB00EA76F5 /* CustomButton.swift */ = {isa = PBXFileReference; fileEncoding = 4; lastKnownFileType = sourcecode.swift; path = CustomButton.swift; sourceTree = "<group>"; };
		7CEDBFAA25FB17A000EA76F5 /* HomeMock.json */ = {isa = PBXFileReference; lastKnownFileType = text.json; path = HomeMock.json; sourceTree = "<group>"; };
		7CEDBFAF25FB185C00EA76F5 /* HomeModel.swift */ = {isa = PBXFileReference; lastKnownFileType = sourcecode.swift; path = HomeModel.swift; sourceTree = "<group>"; };
		7CEDBFB125FB190200EA76F5 /* HomeViewModel.swift */ = {isa = PBXFileReference; lastKnownFileType = sourcecode.swift; path = HomeViewModel.swift; sourceTree = "<group>"; };
		7CEDBFB525FB1EE900EA76F5 /* HomeCell.swift */ = {isa = PBXFileReference; lastKnownFileType = sourcecode.swift; path = HomeCell.swift; sourceTree = "<group>"; };
		7CEDBFB725FB1FEE00EA76F5 /* HomeCell.xib */ = {isa = PBXFileReference; fileEncoding = 4; lastKnownFileType = file.xib; path = HomeCell.xib; sourceTree = "<group>"; };
		7CEDBFB925FB2BC700EA76F5 /* HomeViewController.swift */ = {isa = PBXFileReference; fileEncoding = 4; lastKnownFileType = sourcecode.swift; path = HomeViewController.swift; sourceTree = "<group>"; };
		7CEDBFC425FC61A200EA76F5 /* SelectViewController.swift */ = {isa = PBXFileReference; lastKnownFileType = sourcecode.swift; path = SelectViewController.swift; sourceTree = "<group>"; };
		7CEDBFC525FC61A200EA76F5 /* SelectView.xib */ = {isa = PBXFileReference; lastKnownFileType = file.xib; path = SelectView.xib; sourceTree = "<group>"; };
		7CEDBFC825FC6A1200EA76F5 /* SelectCell.swift */ = {isa = PBXFileReference; lastKnownFileType = sourcecode.swift; path = SelectCell.swift; sourceTree = "<group>"; };
		7CEDBFC925FC6A1200EA76F5 /* SelectCell.xib */ = {isa = PBXFileReference; lastKnownFileType = file.xib; path = SelectCell.xib; sourceTree = "<group>"; };
		7CEDBFCC25FC6F7C00EA76F5 /* SelectHeroes.json */ = {isa = PBXFileReference; lastKnownFileType = text.json; path = SelectHeroes.json; sourceTree = "<group>"; };
		7CFB5CA625FD5EFA00FB2B5B /* PreferredViewController.swift */ = {isa = PBXFileReference; lastKnownFileType = sourcecode.swift; path = PreferredViewController.swift; sourceTree = "<group>"; };
		7CFB5CA725FD5EFA00FB2B5B /* PreferredViewController.xib */ = {isa = PBXFileReference; lastKnownFileType = file.xib; path = PreferredViewController.xib; sourceTree = "<group>"; };
		7CFB5CAC25FDCB1000FB2B5B /* PreferredTableViewCell.swift */ = {isa = PBXFileReference; lastKnownFileType = sourcecode.swift; path = PreferredTableViewCell.swift; sourceTree = "<group>"; };
		7CFB5CAD25FDCB1000FB2B5B /* PreferredTableViewCell.xib */ = {isa = PBXFileReference; lastKnownFileType = file.xib; path = PreferredTableViewCell.xib; sourceTree = "<group>"; };
		7CFB5CB625FDCCF900FB2B5B /* QuizView.xib */ = {isa = PBXFileReference; lastKnownFileType = file.xib; path = QuizView.xib; sourceTree = "<group>"; };
		7CFB5CB92600474100FB2B5B /* SelectMock.json */ = {isa = PBXFileReference; lastKnownFileType = text.json; path = SelectMock.json; sourceTree = "<group>"; };
		7CFB5CBB260047A300FB2B5B /* PreferredModal.swift */ = {isa = PBXFileReference; lastKnownFileType = sourcecode.swift; path = PreferredModal.swift; sourceTree = "<group>"; };
		7CFB5CBD260047DF00FB2B5B /* PreferredViewModel.swift */ = {isa = PBXFileReference; lastKnownFileType = sourcecode.swift; path = PreferredViewModel.swift; sourceTree = "<group>"; };
		7CFB5CBF26004F1F00FB2B5B /* SelectViewModel.swift */ = {isa = PBXFileReference; lastKnownFileType = sourcecode.swift; path = SelectViewModel.swift; sourceTree = "<group>"; };
		7CFB5CC126004F3300FB2B5B /* SelectModel.swift */ = {isa = PBXFileReference; lastKnownFileType = sourcecode.swift; path = SelectModel.swift; sourceTree = "<group>"; };
		7CFB5CC32601A0DF00FB2B5B /* PreferredMock.json */ = {isa = PBXFileReference; lastKnownFileType = text.json; path = PreferredMock.json; sourceTree = "<group>"; };
		7CFB5CCA2602E5A200FB2B5B /* ShowHeroViewController.swift */ = {isa = PBXFileReference; lastKnownFileType = sourcecode.swift; path = ShowHeroViewController.swift; sourceTree = "<group>"; };
		7CFB5CCB2602E5A200FB2B5B /* ShowHeroViewController.xib */ = {isa = PBXFileReference; lastKnownFileType = file.xib; path = ShowHeroViewController.xib; sourceTree = "<group>"; };
		7CFB5CCE2602EDF000FB2B5B /* ShowHeroModel.swift */ = {isa = PBXFileReference; lastKnownFileType = sourcecode.swift; path = ShowHeroModel.swift; sourceTree = "<group>"; };
		7CFB5CD826030CB400FB2B5B /* PreloginTest.swift */ = {isa = PBXFileReference; lastKnownFileType = sourcecode.swift; path = PreloginTest.swift; sourceTree = "<group>"; };
		816B56A1B3CD8B340DE2F40E /* libPods-Heroi.a */ = {isa = PBXFileReference; explicitFileType = archive.ar; includeInIndex = 0; path = "libPods-Heroi.a"; sourceTree = BUILT_PRODUCTS_DIR; };
		86BC0F0628B35F17CCE9DAA5 /* Pods-Heroi.debug.xcconfig */ = {isa = PBXFileReference; includeInIndex = 1; lastKnownFileType = text.xcconfig; name = "Pods-Heroi.debug.xcconfig"; path = "Target Support Files/Pods-Heroi/Pods-Heroi.debug.xcconfig"; sourceTree = "<group>"; };
		B4B7064B055028A9B25E432B /* Pods-Heroi-HeroiUITests.release.xcconfig */ = {isa = PBXFileReference; includeInIndex = 1; lastKnownFileType = text.xcconfig; name = "Pods-Heroi-HeroiUITests.release.xcconfig"; path = "Target Support Files/Pods-Heroi-HeroiUITests/Pods-Heroi-HeroiUITests.release.xcconfig"; sourceTree = "<group>"; };
		BF01561D3A95A2D1D37C03C0 /* libPods-Heroi-HeroiUITests.a */ = {isa = PBXFileReference; explicitFileType = archive.ar; includeInIndex = 0; path = "libPods-Heroi-HeroiUITests.a"; sourceTree = BUILT_PRODUCTS_DIR; };
		F52FB501671CE818A137899A /* Pods-Heroi.release.xcconfig */ = {isa = PBXFileReference; includeInIndex = 1; lastKnownFileType = text.xcconfig; name = "Pods-Heroi.release.xcconfig"; path = "Target Support Files/Pods-Heroi/Pods-Heroi.release.xcconfig"; sourceTree = "<group>"; };
		FEB0BE66E55F0931A36F1244 /* Pods-Heroi-HeroiUITests.debug.xcconfig */ = {isa = PBXFileReference; includeInIndex = 1; lastKnownFileType = text.xcconfig; name = "Pods-Heroi-HeroiUITests.debug.xcconfig"; path = "Target Support Files/Pods-Heroi-HeroiUITests/Pods-Heroi-HeroiUITests.debug.xcconfig"; sourceTree = "<group>"; };
/* End PBXFileReference section */

/* Begin PBXFrameworksBuildPhase section */
		7CEDBF3325F45EC900EA76F5 /* Frameworks */ = {
			isa = PBXFrameworksBuildPhase;
			buildActionMask = 2147483647;
			files = (
				823233353C7D2D6F8C6567B6 /* libPods-Heroi.a in Frameworks */,
			);
			runOnlyForDeploymentPostprocessing = 0;
		};
		7CEDBF4925F45ECA00EA76F5 /* Frameworks */ = {
			isa = PBXFrameworksBuildPhase;
			buildActionMask = 2147483647;
			files = (
				59D97DF5A0DB3F549D601091 /* libPods-HeroiTests.a in Frameworks */,
			);
			runOnlyForDeploymentPostprocessing = 0;
		};
		7CEDBF5425F45ECA00EA76F5 /* Frameworks */ = {
			isa = PBXFrameworksBuildPhase;
			buildActionMask = 2147483647;
			files = (
				752FEDDA39C01F6B72049ED5 /* libPods-Heroi-HeroiUITests.a in Frameworks */,
			);
			runOnlyForDeploymentPostprocessing = 0;
		};
/* End PBXFrameworksBuildPhase section */

/* Begin PBXGroup section */
		0392E99CFEA8390BBB1E8E0C /* Frameworks */ = {
			isa = PBXGroup;
			children = (
				816B56A1B3CD8B340DE2F40E /* libPods-Heroi.a */,
				BF01561D3A95A2D1D37C03C0 /* libPods-Heroi-HeroiUITests.a */,
				38C8F6AB84411D21D3D4C31A /* libPods-HeroiTests.a */,
			);
			name = Frameworks;
			sourceTree = "<group>";
		};
		65748B20AA10768B38FFA3F8 /* Pods */ = {
			isa = PBXGroup;
			children = (
				86BC0F0628B35F17CCE9DAA5 /* Pods-Heroi.debug.xcconfig */,
				F52FB501671CE818A137899A /* Pods-Heroi.release.xcconfig */,
				FEB0BE66E55F0931A36F1244 /* Pods-Heroi-HeroiUITests.debug.xcconfig */,
				B4B7064B055028A9B25E432B /* Pods-Heroi-HeroiUITests.release.xcconfig */,
				59ACDABE105940A02183008B /* Pods-HeroiTests.debug.xcconfig */,
				704A78D79A5DEB3C32EDE659 /* Pods-HeroiTests.release.xcconfig */,
			);
			path = Pods;
			sourceTree = "<group>";
		};
		7C0420062608351E00091C9B /* ViewModel */ = {
			isa = PBXGroup;
			children = (
				7C0CCAFD26081D2C0013F4F1 /* QuizViewModel.swift */,
			);
			path = ViewModel;
			sourceTree = "<group>";
		};
		7C0420072608352C00091C9B /* Model */ = {
			isa = PBXGroup;
			children = (
				7C0420082608354F00091C9B /* QuizModel.swift */,
			);
			path = Model;
			sourceTree = "<group>";
		};
		7C04201026098F4900091C9B /* Coordinator */ = {
			isa = PBXGroup;
			children = (
				7C0420172609A00A00091C9B /* Coordinator.swift */,
				7C04201126098F6200091C9B /* AppCoordinator.swift */,
			);
			path = Coordinator;
			sourceTree = "<group>";
		};
		7C04201D2609AAB000091C9B /* Coordinator */ = {
			isa = PBXGroup;
			children = (
				7C04201E2609AAF400091C9B /* PreferredCoordinator.swift */,
			);
			path = Coordinator;
			sourceTree = "<group>";
		};
		7C0420202609AB8C00091C9B /* Coordinator */ = {
			isa = PBXGroup;
			children = (
				7C0420212609ABA400091C9B /* ShowHeroCoordinator.swift */,
			);
			path = Coordinator;
			sourceTree = "<group>";
		};
		7C0420232609AC7500091C9B /* Coordinator */ = {
			isa = PBXGroup;
			children = (
				7C0420252609AC9D00091C9B /* SelectCoordinator.swift */,
			);
			path = Coordinator;
			sourceTree = "<group>";
		};
		7C042028260AFBC300091C9B /* Coordinator */ = {
			isa = PBXGroup;
			children = (
				7C042029260AFBE000091C9B /* QuizCoordinator.swift */,
			);
			path = Coordinator;
			sourceTree = "<group>";
		};
		7C04202C260B79BB00091C9B /* Coordinator */ = {
			isa = PBXGroup;
			children = (
				7C04200C2609819200091C9B /* HomeCoordinator.swift */,
			);
			path = Coordinator;
			sourceTree = "<group>";
		};
		7C04203C260E633F00091C9B /* ModelTeste */ = {
			isa = PBXGroup;
			children = (
				7C04203A260E633300091C9B /* HomeModelTests.swift */,
				7C04203E260E66A300091C9B /* PreferredModelTests.swift */,
				7C63CB3A2612583E00560823 /* SelectModelTests.swift */,
				7C63CB3F26136E1200560823 /* QuizModelTests.swift */,
			);
			path = ModelTeste;
			sourceTree = "<group>";
		};
		7C04203D260E637500091C9B /* ViewModelTests */ = {
			isa = PBXGroup;
			children = (
				7C042035260E58A600091C9B /* HomeViewModelTests.swift */,
				7C042042260E672900091C9B /* SelectViewModelTests.swift */,
				7C63CB342612548800560823 /* PreferredViewModelTests.swift */,
				7C63CB3C26136B6A00560823 /* QuizViewModelTests.swift */,
			);
			path = ViewModelTests;
			sourceTree = "<group>";
		};
		7C042046260E6B8400091C9B /* View */ = {
			isa = PBXGroup;
			children = (
				7C042044260E6AF300091C9B /* HomeViewControllerTests.swift */,
				7C63CB41261376B000560823 /* ShowHeroViewControllerTests.swift */,
			);
			path = View;
			sourceTree = "<group>";
		};
		7C63CC4A263283CE00560823 /* Login */ = {
			isa = PBXGroup;
			children = (
				7C63CC4F2632873F00560823 /* View */,
				7C63CC52263288B400560823 /* Coordinator */,
			);
			path = Login;
			sourceTree = "<group>";
		};
		7C63CC4F2632873F00560823 /* View */ = {
			isa = PBXGroup;
			children = (
				7C63CC4B2632843200560823 /* LoginViewController.swift */,
				7C63CC4C2632843200560823 /* LoginViewController.xib */,
			);
			path = View;
			sourceTree = "<group>";
		};
		7C63CC52263288B400560823 /* Coordinator */ = {
			isa = PBXGroup;
			children = (
				7C63CC502632876000560823 /* LoginCoordinator.swift */,
			);
			path = Coordinator;
			sourceTree = "<group>";
		};
		7C7448DA26426BDC003CB929 /* Service */ = {
			isa = PBXGroup;
			children = (
				7C7448D826426BD8003CB929 /* Envoutement.swift */,
			);
			path = Service;
			sourceTree = "<group>";
		};
		7CEDBF2D25F45EC900EA76F5 = {
			isa = PBXGroup;
			children = (
				7CEDBF3825F45EC900EA76F5 /* Heroi */,
				7CEDBF4F25F45ECA00EA76F5 /* HeroiTests */,
				7CEDBF5A25F45ECA00EA76F5 /* HeroiUITests */,
				7CEDBF3725F45EC900EA76F5 /* Products */,
				65748B20AA10768B38FFA3F8 /* Pods */,
				0392E99CFEA8390BBB1E8E0C /* Frameworks */,
			);
			sourceTree = "<group>";
		};
		7CEDBF3725F45EC900EA76F5 /* Products */ = {
			isa = PBXGroup;
			children = (
				7CEDBF3625F45EC900EA76F5 /* Heroi.app */,
				7CEDBF4C25F45ECA00EA76F5 /* HeroiTests.xctest */,
				7CEDBF5725F45ECA00EA76F5 /* HeroiUITests.xctest */,
			);
			name = Products;
			sourceTree = "<group>";
		};
		7CEDBF3825F45EC900EA76F5 /* Heroi */ = {
			isa = PBXGroup;
			children = (
				7CEDBF6A25F45EFB00EA76F5 /* App */,
				7CEDBF7225F45FF200EA76F5 /* Commons */,
				7CEDBF7125F45FD300EA76F5 /* Assets */,
				7CEDBF6B25F45F0A00EA76F5 /* Mock */,
				7CEDBF6925F45EF000EA76F5 /* Application */,
			);
			path = Heroi;
			sourceTree = "<group>";
		};
		7CEDBF4F25F45ECA00EA76F5 /* HeroiTests */ = {
			isa = PBXGroup;
			children = (
				7CEDBF5025F45ECA00EA76F5 /* HeroiTests.swift */,
				7CEDBF5225F45ECA00EA76F5 /* Info.plist */,
				7C04203D260E637500091C9B /* ViewModelTests */,
				7C04203C260E633F00091C9B /* ModelTeste */,
				7C042046260E6B8400091C9B /* View */,
				7C042047260EB87B00091C9B /* DecodableTests.swift */,
			);
			path = HeroiTests;
			sourceTree = "<group>";
		};
		7CEDBF5A25F45ECA00EA76F5 /* HeroiUITests */ = {
			isa = PBXGroup;
			children = (
				7CEDBF5B25F45ECA00EA76F5 /* HeroiUITests.swift */,
				7CFB5CD826030CB400FB2B5B /* PreloginTest.swift */,
				7CEDBF5D25F45ECA00EA76F5 /* Info.plist */,
			);
			path = HeroiUITests;
			sourceTree = "<group>";
		};
		7CEDBF6925F45EF000EA76F5 /* Application */ = {
			isa = PBXGroup;
			children = (
				7CEDBF3925F45EC900EA76F5 /* AppDelegate.swift */,
				7CEDBF4425F45ECA00EA76F5 /* LaunchScreen.storyboard */,
				7C63CC0F262FF28500560823 /* GoogleService-Info.plist */,
				7CEDBF4725F45ECA00EA76F5 /* Info.plist */,
			);
			path = Application;
			sourceTree = "<group>";
		};
		7CEDBF6A25F45EFB00EA76F5 /* App */ = {
			isa = PBXGroup;
			children = (
				7CEDBF6C25F45F5D00EA76F5 /* Scene */,
			);
			path = App;
			sourceTree = "<group>";
		};
		7CEDBF6B25F45F0A00EA76F5 /* Mock */ = {
			isa = PBXGroup;
			children = (
				7CEDBF8225F460EE00EA76F5 /* EmailMock.json */,
				7CEDBFAA25FB17A000EA76F5 /* HomeMock.json */,
				7CEDBFCC25FC6F7C00EA76F5 /* SelectHeroes.json */,
				7CFB5CB92600474100FB2B5B /* SelectMock.json */,
				7CFB5CC32601A0DF00FB2B5B /* PreferredMock.json */,
			);
			path = Mock;
			sourceTree = "<group>";
		};
		7CEDBF6C25F45F5D00EA76F5 /* Scene */ = {
			isa = PBXGroup;
			children = (
				7C63CC4A263283CE00560823 /* Login */,
				7CEDBFBC25FC5F7200EA76F5 /* Select */,
				7CFB5CB325FDCCB900FB2B5B /* Quiz */,
				7CFB5CAA25FDC3B300FB2B5B /* ShowHero */,
				7CFB5CA225FD5D3000FB2B5B /* Preferred */,
				7CEDBF6E25F45F9800EA76F5 /* Home */,
				7C7448DA26426BDC003CB929 /* Service */,
			);
			path = Scene;
			sourceTree = "<group>";
		};
		7CEDBF6E25F45F9800EA76F5 /* Home */ = {
			isa = PBXGroup;
			children = (
				7C04202C260B79BB00091C9B /* Coordinator */,
				7CEDBF9C25F462FE00EA76F5 /* HomeCell */,
				7CEDBFAD25FB183300EA76F5 /* Model */,
				7CEDBFAC25FB181200EA76F5 /* View */,
				7CEDBFAE25FB184300EA76F5 /* ViewModel */,
			);
			path = Home;
			sourceTree = "<group>";
		};
		7CEDBF7125F45FD300EA76F5 /* Assets */ = {
			isa = PBXGroup;
			children = (
				7CEDBF8025F460D900EA76F5 /* Assets.xcassets */,
			);
			path = Assets;
			sourceTree = "<group>";
		};
		7CEDBF7225F45FF200EA76F5 /* Commons */ = {
			isa = PBXGroup;
			children = (
				7C04201026098F4900091C9B /* Coordinator */,
				7CEDBF7325F45FFB00EA76F5 /* Extension */,
				7CEDBF7525F460B500EA76F5 /* ProtocoloNib.swift */,
				7CEDBFA525F956DB00EA76F5 /* CustomButton.swift */,
				7CEDBF7425F460B500EA76F5 /* ProtocoloReusableView.swift */,
				7C04202F260BFC1300091C9B /* CustomLabel.swift */,
				7C042031260D2B5E00091C9B /* CustomiViews.swift */,
			);
			path = Commons;
			sourceTree = "<group>";
		};
		7CEDBF7325F45FFB00EA76F5 /* Extension */ = {
			isa = PBXGroup;
			children = (
				7CEDBF7925F460C100EA76F5 /* Decodable+Extension.swift */,
				7CEDBF7B25F460C100EA76F5 /* UICollectionViewCell+Extension.swift */,
				7CEDBF7825F460C100EA76F5 /* UITableViewCell+Extrension.swift */,
				7CEDBF7A25F460C100EA76F5 /* UITextField+Extension.swift */,
			);
			path = Extension;
			sourceTree = "<group>";
		};
		7CEDBF9C25F462FE00EA76F5 /* HomeCell */ = {
			isa = PBXGroup;
			children = (
				7CEDBFB725FB1FEE00EA76F5 /* HomeCell.xib */,
				7CEDBFB525FB1EE900EA76F5 /* HomeCell.swift */,
			);
			path = HomeCell;
			sourceTree = "<group>";
		};
		7CEDBFAC25FB181200EA76F5 /* View */ = {
			isa = PBXGroup;
			children = (
				7CEDBF8525F4610B00EA76F5 /* HomeView.xib */,
				7CEDBFB925FB2BC700EA76F5 /* HomeViewController.swift */,
			);
			path = View;
			sourceTree = "<group>";
		};
		7CEDBFAD25FB183300EA76F5 /* Model */ = {
			isa = PBXGroup;
			children = (
				7CEDBFAF25FB185C00EA76F5 /* HomeModel.swift */,
			);
			path = Model;
			sourceTree = "<group>";
		};
		7CEDBFAE25FB184300EA76F5 /* ViewModel */ = {
			isa = PBXGroup;
			children = (
				7CEDBFB125FB190200EA76F5 /* HomeViewModel.swift */,
			);
			path = ViewModel;
			sourceTree = "<group>";
		};
		7CEDBFBB25FC5F6900EA76F5 /* View */ = {
			isa = PBXGroup;
			children = (
				7CEDBFC425FC61A200EA76F5 /* SelectViewController.swift */,
				7CEDBFC525FC61A200EA76F5 /* SelectView.xib */,
			);
			path = View;
			sourceTree = "<group>";
		};
		7CEDBFBC25FC5F7200EA76F5 /* Select */ = {
			isa = PBXGroup;
			children = (
				7C0420232609AC7500091C9B /* Coordinator */,
				7CEDBFBF25FC613500EA76F5 /* SelectCell */,
				7CEDBFBB25FC5F6900EA76F5 /* View */,
				7CEDBFBD25FC60FB00EA76F5 /* ViewModel */,
				7CEDBFBE25FC612100EA76F5 /* Model */,
			);
			path = Select;
			sourceTree = "<group>";
		};
		7CEDBFBD25FC60FB00EA76F5 /* ViewModel */ = {
			isa = PBXGroup;
			children = (
				7CFB5CBF26004F1F00FB2B5B /* SelectViewModel.swift */,
			);
			path = ViewModel;
			sourceTree = "<group>";
		};
		7CEDBFBE25FC612100EA76F5 /* Model */ = {
			isa = PBXGroup;
			children = (
				7CFB5CC126004F3300FB2B5B /* SelectModel.swift */,
			);
			path = Model;
			sourceTree = "<group>";
		};
		7CEDBFBF25FC613500EA76F5 /* SelectCell */ = {
			isa = PBXGroup;
			children = (
				7CEDBFC825FC6A1200EA76F5 /* SelectCell.swift */,
				7CEDBFC925FC6A1200EA76F5 /* SelectCell.xib */,
			);
			path = SelectCell;
			sourceTree = "<group>";
		};
		7CFB5CA225FD5D3000FB2B5B /* Preferred */ = {
			isa = PBXGroup;
			children = (
				7CFB5CA525FD5D8000FB2B5B /* Model */,
				7C04201D2609AAB000091C9B /* Coordinator */,
				7CFB5CAB25FDCAE500FB2B5B /* Cell */,
				7CFB5CA325FD5D5B00FB2B5B /* View */,
				7CFB5CA425FD5D6C00FB2B5B /* ViewModel */,
			);
			path = Preferred;
			sourceTree = "<group>";
		};
		7CFB5CA325FD5D5B00FB2B5B /* View */ = {
			isa = PBXGroup;
			children = (
				7CFB5CA625FD5EFA00FB2B5B /* PreferredViewController.swift */,
				7CFB5CA725FD5EFA00FB2B5B /* PreferredViewController.xib */,
			);
			path = View;
			sourceTree = "<group>";
		};
		7CFB5CA425FD5D6C00FB2B5B /* ViewModel */ = {
			isa = PBXGroup;
			children = (
				7CFB5CBD260047DF00FB2B5B /* PreferredViewModel.swift */,
			);
			path = ViewModel;
			sourceTree = "<group>";
		};
		7CFB5CA525FD5D8000FB2B5B /* Model */ = {
			isa = PBXGroup;
			children = (
				7CFB5CBB260047A300FB2B5B /* PreferredModal.swift */,
			);
			path = Model;
			sourceTree = "<group>";
		};
		7CFB5CAA25FDC3B300FB2B5B /* ShowHero */ = {
			isa = PBXGroup;
			children = (
				7C0420202609AB8C00091C9B /* Coordinator */,
				7CFB5CB025FDCC4D00FB2B5B /* View */,
				7CFB5CB125FDCC5A00FB2B5B /* ViewModel */,
				7CFB5CB225FDCC7200FB2B5B /* Model */,
			);
			path = ShowHero;
			sourceTree = "<group>";
		};
		7CFB5CAB25FDCAE500FB2B5B /* Cell */ = {
			isa = PBXGroup;
			children = (
				7CFB5CAC25FDCB1000FB2B5B /* PreferredTableViewCell.swift */,
				7CFB5CAD25FDCB1000FB2B5B /* PreferredTableViewCell.xib */,
			);
			path = Cell;
			sourceTree = "<group>";
		};
		7CFB5CB025FDCC4D00FB2B5B /* View */ = {
			isa = PBXGroup;
			children = (
				7CFB5CCA2602E5A200FB2B5B /* ShowHeroViewController.swift */,
				7CFB5CCB2602E5A200FB2B5B /* ShowHeroViewController.xib */,
			);
			path = View;
			sourceTree = "<group>";
		};
		7CFB5CB125FDCC5A00FB2B5B /* ViewModel */ = {
			isa = PBXGroup;
			children = (
			);
			path = ViewModel;
			sourceTree = "<group>";
		};
		7CFB5CB225FDCC7200FB2B5B /* Model */ = {
			isa = PBXGroup;
			children = (
				7CFB5CCE2602EDF000FB2B5B /* ShowHeroModel.swift */,
			);
			path = Model;
			sourceTree = "<group>";
		};
		7CFB5CB325FDCCB900FB2B5B /* Quiz */ = {
			isa = PBXGroup;
			children = (
				7C042028260AFBC300091C9B /* Coordinator */,
				7CFB5CB425FDCCD000FB2B5B /* View */,
				7C0420062608351E00091C9B /* ViewModel */,
				7C0420072608352C00091C9B /* Model */,
			);
			path = Quiz;
			sourceTree = "<group>";
		};
		7CFB5CB425FDCCD000FB2B5B /* View */ = {
			isa = PBXGroup;
			children = (
				7C042004260820E500091C9B /* QuizViewController.swift */,
				7CFB5CB625FDCCF900FB2B5B /* QuizView.xib */,
			);
			path = View;
			sourceTree = "<group>";
		};
/* End PBXGroup section */

/* Begin PBXNativeTarget section */
		7CEDBF3525F45EC900EA76F5 /* Heroi */ = {
			isa = PBXNativeTarget;
			buildConfigurationList = 7CEDBF6025F45ECA00EA76F5 /* Build configuration list for PBXNativeTarget "Heroi" */;
			buildPhases = (
				2BDAD76784407B3717181880 /* [CP] Check Pods Manifest.lock */,
				7CEDBF3225F45EC900EA76F5 /* Sources */,
				7CEDBF3325F45EC900EA76F5 /* Frameworks */,
				7CEDBF3425F45EC900EA76F5 /* Resources */,
			);
			buildRules = (
			);
			dependencies = (
			);
			name = Heroi;
			productName = Heroi;
			productReference = 7CEDBF3625F45EC900EA76F5 /* Heroi.app */;
			productType = "com.apple.product-type.application";
		};
		7CEDBF4B25F45ECA00EA76F5 /* HeroiTests */ = {
			isa = PBXNativeTarget;
			buildConfigurationList = 7CEDBF6325F45ECA00EA76F5 /* Build configuration list for PBXNativeTarget "HeroiTests" */;
			buildPhases = (
				F9A2A12143074B81D2038965 /* [CP] Check Pods Manifest.lock */,
				7CEDBF4825F45ECA00EA76F5 /* Sources */,
				7CEDBF4925F45ECA00EA76F5 /* Frameworks */,
				7CEDBF4A25F45ECA00EA76F5 /* Resources */,
			);
			buildRules = (
			);
			dependencies = (
				7CEDBF4E25F45ECA00EA76F5 /* PBXTargetDependency */,
			);
			name = HeroiTests;
			productName = HeroiTests;
			productReference = 7CEDBF4C25F45ECA00EA76F5 /* HeroiTests.xctest */;
			productType = "com.apple.product-type.bundle.unit-test";
		};
		7CEDBF5625F45ECA00EA76F5 /* HeroiUITests */ = {
			isa = PBXNativeTarget;
			buildConfigurationList = 7CEDBF6625F45ECA00EA76F5 /* Build configuration list for PBXNativeTarget "HeroiUITests" */;
			buildPhases = (
				9238AEC8FA435C51013C73A5 /* [CP] Check Pods Manifest.lock */,
				7CEDBF5325F45ECA00EA76F5 /* Sources */,
				7CEDBF5425F45ECA00EA76F5 /* Frameworks */,
				7CEDBF5525F45ECA00EA76F5 /* Resources */,
			);
			buildRules = (
			);
			dependencies = (
				7CEDBF5925F45ECA00EA76F5 /* PBXTargetDependency */,
			);
			name = HeroiUITests;
			productName = HeroiUITests;
			productReference = 7CEDBF5725F45ECA00EA76F5 /* HeroiUITests.xctest */;
			productType = "com.apple.product-type.bundle.ui-testing";
		};
/* End PBXNativeTarget section */

/* Begin PBXProject section */
		7CEDBF2E25F45EC900EA76F5 /* Project object */ = {
			isa = PBXProject;
			attributes = {
				LastSwiftUpdateCheck = 1170;
				LastUpgradeCheck = 1170;
				ORGANIZATIONNAME = "Gilmar Queiroz";
				TargetAttributes = {
					7CEDBF3525F45EC900EA76F5 = {
						CreatedOnToolsVersion = 11.7;
					};
					7CEDBF4B25F45ECA00EA76F5 = {
						CreatedOnToolsVersion = 11.7;
						TestTargetID = 7CEDBF3525F45EC900EA76F5;
					};
					7CEDBF5625F45ECA00EA76F5 = {
						CreatedOnToolsVersion = 11.7;
						TestTargetID = 7CEDBF3525F45EC900EA76F5;
					};
				};
			};
			buildConfigurationList = 7CEDBF3125F45EC900EA76F5 /* Build configuration list for PBXProject "Heroi" */;
			compatibilityVersion = "Xcode 9.3";
			developmentRegion = en;
			hasScannedForEncodings = 0;
			knownRegions = (
				en,
				Base,
			);
			mainGroup = 7CEDBF2D25F45EC900EA76F5;
			productRefGroup = 7CEDBF3725F45EC900EA76F5 /* Products */;
			projectDirPath = "";
			projectRoot = "";
			targets = (
				7CEDBF3525F45EC900EA76F5 /* Heroi */,
				7CEDBF4B25F45ECA00EA76F5 /* HeroiTests */,
				7CEDBF5625F45ECA00EA76F5 /* HeroiUITests */,
			);
		};
/* End PBXProject section */

/* Begin PBXResourcesBuildPhase section */
		7CEDBF3425F45EC900EA76F5 /* Resources */ = {
			isa = PBXResourcesBuildPhase;
			buildActionMask = 2147483647;
			files = (
				7CEDBF8125F460D900EA76F5 /* Assets.xcassets in Resources */,
				7CEDBF8725F4610B00EA76F5 /* HomeView.xib in Resources */,
				7CEDBFCD25FC6F7C00EA76F5 /* SelectHeroes.json in Resources */,
				7CEDBF4625F45ECA00EA76F5 /* LaunchScreen.storyboard in Resources */,
				7CFB5CBA2600474100FB2B5B /* SelectMock.json in Resources */,
				7CEDBFB825FB1FEE00EA76F5 /* HomeCell.xib in Resources */,
				7CFB5CA925FD5EFA00FB2B5B /* PreferredViewController.xib in Resources */,
				7CFB5CC42601A0DF00FB2B5B /* PreferredMock.json in Resources */,
				7C63CC4E2632843200560823 /* LoginViewController.xib in Resources */,
				7CFB5CAF25FDCB1000FB2B5B /* PreferredTableViewCell.xib in Resources */,
				7C63CC10262FF28500560823 /* GoogleService-Info.plist in Resources */,
				7CFB5CCD2602E5A200FB2B5B /* ShowHeroViewController.xib in Resources */,
				7CEDBFC725FC61A200EA76F5 /* SelectView.xib in Resources */,
				7CEDBFCB25FC6A1200EA76F5 /* SelectCell.xib in Resources */,
				7CEDBF8325F460EE00EA76F5 /* EmailMock.json in Resources */,
				7CEDBFAB25FB17A000EA76F5 /* HomeMock.json in Resources */,
				7CFB5CB825FDCCF900FB2B5B /* QuizView.xib in Resources */,
			);
			runOnlyForDeploymentPostprocessing = 0;
		};
		7CEDBF4A25F45ECA00EA76F5 /* Resources */ = {
			isa = PBXResourcesBuildPhase;
			buildActionMask = 2147483647;
			files = (
			);
			runOnlyForDeploymentPostprocessing = 0;
		};
		7CEDBF5525F45ECA00EA76F5 /* Resources */ = {
			isa = PBXResourcesBuildPhase;
			buildActionMask = 2147483647;
			files = (
			);
			runOnlyForDeploymentPostprocessing = 0;
		};
/* End PBXResourcesBuildPhase section */

/* Begin PBXShellScriptBuildPhase section */
		2BDAD76784407B3717181880 /* [CP] Check Pods Manifest.lock */ = {
			isa = PBXShellScriptBuildPhase;
			buildActionMask = 2147483647;
			files = (
			);
			inputFileListPaths = (
			);
			inputPaths = (
				"${PODS_PODFILE_DIR_PATH}/Podfile.lock",
				"${PODS_ROOT}/Manifest.lock",
			);
			name = "[CP] Check Pods Manifest.lock";
			outputFileListPaths = (
			);
			outputPaths = (
				"$(DERIVED_FILE_DIR)/Pods-Heroi-checkManifestLockResult.txt",
			);
			runOnlyForDeploymentPostprocessing = 0;
			shellPath = /bin/sh;
			shellScript = "diff \"${PODS_PODFILE_DIR_PATH}/Podfile.lock\" \"${PODS_ROOT}/Manifest.lock\" > /dev/null\nif [ $? != 0 ] ; then\n    # print error to STDERR\n    echo \"error: The sandbox is not in sync with the Podfile.lock. Run 'pod install' or update your CocoaPods installation.\" >&2\n    exit 1\nfi\n# This output is used by Xcode 'outputs' to avoid re-running this script phase.\necho \"SUCCESS\" > \"${SCRIPT_OUTPUT_FILE_0}\"\n";
			showEnvVarsInLog = 0;
		};
		9238AEC8FA435C51013C73A5 /* [CP] Check Pods Manifest.lock */ = {
			isa = PBXShellScriptBuildPhase;
			buildActionMask = 2147483647;
			files = (
			);
			inputFileListPaths = (
			);
			inputPaths = (
				"${PODS_PODFILE_DIR_PATH}/Podfile.lock",
				"${PODS_ROOT}/Manifest.lock",
			);
			name = "[CP] Check Pods Manifest.lock";
			outputFileListPaths = (
			);
			outputPaths = (
				"$(DERIVED_FILE_DIR)/Pods-Heroi-HeroiUITests-checkManifestLockResult.txt",
			);
			runOnlyForDeploymentPostprocessing = 0;
			shellPath = /bin/sh;
			shellScript = "diff \"${PODS_PODFILE_DIR_PATH}/Podfile.lock\" \"${PODS_ROOT}/Manifest.lock\" > /dev/null\nif [ $? != 0 ] ; then\n    # print error to STDERR\n    echo \"error: The sandbox is not in sync with the Podfile.lock. Run 'pod install' or update your CocoaPods installation.\" >&2\n    exit 1\nfi\n# This output is used by Xcode 'outputs' to avoid re-running this script phase.\necho \"SUCCESS\" > \"${SCRIPT_OUTPUT_FILE_0}\"\n";
			showEnvVarsInLog = 0;
		};
		F9A2A12143074B81D2038965 /* [CP] Check Pods Manifest.lock */ = {
			isa = PBXShellScriptBuildPhase;
			buildActionMask = 2147483647;
			files = (
			);
			inputFileListPaths = (
			);
			inputPaths = (
				"${PODS_PODFILE_DIR_PATH}/Podfile.lock",
				"${PODS_ROOT}/Manifest.lock",
			);
			name = "[CP] Check Pods Manifest.lock";
			outputFileListPaths = (
			);
			outputPaths = (
				"$(DERIVED_FILE_DIR)/Pods-HeroiTests-checkManifestLockResult.txt",
			);
			runOnlyForDeploymentPostprocessing = 0;
			shellPath = /bin/sh;
			shellScript = "diff \"${PODS_PODFILE_DIR_PATH}/Podfile.lock\" \"${PODS_ROOT}/Manifest.lock\" > /dev/null\nif [ $? != 0 ] ; then\n    # print error to STDERR\n    echo \"error: The sandbox is not in sync with the Podfile.lock. Run 'pod install' or update your CocoaPods installation.\" >&2\n    exit 1\nfi\n# This output is used by Xcode 'outputs' to avoid re-running this script phase.\necho \"SUCCESS\" > \"${SCRIPT_OUTPUT_FILE_0}\"\n";
			showEnvVarsInLog = 0;
		};
/* End PBXShellScriptBuildPhase section */

/* Begin PBXSourcesBuildPhase section */
		7CEDBF3225F45EC900EA76F5 /* Sources */ = {
			isa = PBXSourcesBuildPhase;
			buildActionMask = 2147483647;
			files = (
				7C04202A260AFBE000091C9B /* QuizCoordinator.swift in Sources */,
				7CEDBFC625FC61A200EA76F5 /* SelectViewController.swift in Sources */,
				7CEDBFB225FB190200EA76F5 /* HomeViewModel.swift in Sources */,
				7CFB5CBE260047DF00FB2B5B /* PreferredViewModel.swift in Sources */,
				7CEDBFCA25FC6A1200EA76F5 /* SelectCell.swift in Sources */,
				7CEDBFBA25FB2BC700EA76F5 /* HomeViewController.swift in Sources */,
				7C63CC512632876000560823 /* LoginCoordinator.swift in Sources */,
				7C0420262609AC9D00091C9B /* SelectCoordinator.swift in Sources */,
				7C0CCAFE26081D2C0013F4F1 /* QuizViewModel.swift in Sources */,
				7CEDBFB025FB185C00EA76F5 /* HomeModel.swift in Sources */,
				7CEDBF7C25F460C100EA76F5 /* UITableViewCell+Extrension.swift in Sources */,
				7CFB5CBC260047A300FB2B5B /* PreferredModal.swift in Sources */,
				7CFB5CAE25FDCB1000FB2B5B /* PreferredTableViewCell.swift in Sources */,
				7C7448D926426BD8003CB929 /* Envoutement.swift in Sources */,
				7C042032260D2B5E00091C9B /* CustomiViews.swift in Sources */,
				7C04200D2609819200091C9B /* HomeCoordinator.swift in Sources */,
				7CEDBF3A25F45EC900EA76F5 /* AppDelegate.swift in Sources */,
				7CFB5CCF2602EDF000FB2B5B /* ShowHeroModel.swift in Sources */,
				7C0420222609ABA400091C9B /* ShowHeroCoordinator.swift in Sources */,
				7C0420182609A00A00091C9B /* Coordinator.swift in Sources */,
				7CFB5CC226004F3300FB2B5B /* SelectModel.swift in Sources */,
				7CEDBF7F25F460C100EA76F5 /* UICollectionViewCell+Extension.swift in Sources */,
				7CEDBFA625F956DB00EA76F5 /* CustomButton.swift in Sources */,
				7C042030260BFC1300091C9B /* CustomLabel.swift in Sources */,
				7C042005260820E500091C9B /* QuizViewController.swift in Sources */,
				7CFB5CC026004F1F00FB2B5B /* SelectViewModel.swift in Sources */,
				7C0420092608354F00091C9B /* QuizModel.swift in Sources */,
				7CFB5CCC2602E5A200FB2B5B /* ShowHeroViewController.swift in Sources */,
				7CEDBF7625F460B500EA76F5 /* ProtocoloReusableView.swift in Sources */,
				7C04201226098F6200091C9B /* AppCoordinator.swift in Sources */,
				7C63CC4D2632843200560823 /* LoginViewController.swift in Sources */,
				7C04201F2609AAF400091C9B /* PreferredCoordinator.swift in Sources */,
				7CEDBF7E25F460C100EA76F5 /* UITextField+Extension.swift in Sources */,
				7CEDBF7D25F460C100EA76F5 /* Decodable+Extension.swift in Sources */,
				7CEDBFB625FB1EE900EA76F5 /* HomeCell.swift in Sources */,
				7CFB5CA825FD5EFA00FB2B5B /* PreferredViewController.swift in Sources */,
				7CEDBF7725F460B500EA76F5 /* ProtocoloNib.swift in Sources */,
			);
			runOnlyForDeploymentPostprocessing = 0;
		};
		7CEDBF4825F45ECA00EA76F5 /* Sources */ = {
			isa = PBXSourcesBuildPhase;
			buildActionMask = 2147483647;
			files = (
				7C63CB3B2612583E00560823 /* SelectModelTests.swift in Sources */,
				7C04203B260E633300091C9B /* HomeModelTests.swift in Sources */,
				7C042045260E6AF300091C9B /* HomeViewControllerTests.swift in Sources */,
				7C63CB4026136E1200560823 /* QuizModelTests.swift in Sources */,
				7CEDBF5125F45ECA00EA76F5 /* HeroiTests.swift in Sources */,
				7C042036260E58A600091C9B /* HomeViewModelTests.swift in Sources */,
				7C042048260EB87B00091C9B /* DecodableTests.swift in Sources */,
				7C042043260E672900091C9B /* SelectViewModelTests.swift in Sources */,
				7C63CB3D26136B6A00560823 /* QuizViewModelTests.swift in Sources */,
				7C63CB352612548800560823 /* PreferredViewModelTests.swift in Sources */,
				7C04203F260E66A300091C9B /* PreferredModelTests.swift in Sources */,
				7C63CB42261376B000560823 /* ShowHeroViewControllerTests.swift in Sources */,
			);
			runOnlyForDeploymentPostprocessing = 0;
		};
		7CEDBF5325F45ECA00EA76F5 /* Sources */ = {
			isa = PBXSourcesBuildPhase;
			buildActionMask = 2147483647;
			files = (
				7CEDBF5C25F45ECA00EA76F5 /* HeroiUITests.swift in Sources */,
				7CFB5CD926030CB400FB2B5B /* PreloginTest.swift in Sources */,
			);
			runOnlyForDeploymentPostprocessing = 0;
		};
/* End PBXSourcesBuildPhase section */

/* Begin PBXTargetDependency section */
		7CEDBF4E25F45ECA00EA76F5 /* PBXTargetDependency */ = {
			isa = PBXTargetDependency;
			target = 7CEDBF3525F45EC900EA76F5 /* Heroi */;
			targetProxy = 7CEDBF4D25F45ECA00EA76F5 /* PBXContainerItemProxy */;
		};
		7CEDBF5925F45ECA00EA76F5 /* PBXTargetDependency */ = {
			isa = PBXTargetDependency;
			target = 7CEDBF3525F45EC900EA76F5 /* Heroi */;
			targetProxy = 7CEDBF5825F45ECA00EA76F5 /* PBXContainerItemProxy */;
		};
/* End PBXTargetDependency section */

/* Begin PBXVariantGroup section */
		7CEDBF4425F45ECA00EA76F5 /* LaunchScreen.storyboard */ = {
			isa = PBXVariantGroup;
			children = (
				7CEDBF4525F45ECA00EA76F5 /* Base */,
			);
			name = LaunchScreen.storyboard;
			sourceTree = "<group>";
		};
/* End PBXVariantGroup section */

/* Begin XCBuildConfiguration section */
		7CEDBF5E25F45ECA00EA76F5 /* Debug */ = {
			isa = XCBuildConfiguration;
			buildSettings = {
				ALWAYS_SEARCH_USER_PATHS = NO;
				CLANG_ANALYZER_NONNULL = YES;
				CLANG_ANALYZER_NUMBER_OBJECT_CONVERSION = YES_AGGRESSIVE;
				CLANG_CXX_LANGUAGE_STANDARD = "gnu++14";
				CLANG_CXX_LIBRARY = "libc++";
				CLANG_ENABLE_MODULES = YES;
				CLANG_ENABLE_OBJC_ARC = YES;
				CLANG_ENABLE_OBJC_WEAK = YES;
				CLANG_WARN_BLOCK_CAPTURE_AUTORELEASING = YES;
				CLANG_WARN_BOOL_CONVERSION = YES;
				CLANG_WARN_COMMA = YES;
				CLANG_WARN_CONSTANT_CONVERSION = YES;
				CLANG_WARN_DEPRECATED_OBJC_IMPLEMENTATIONS = YES;
				CLANG_WARN_DIRECT_OBJC_ISA_USAGE = YES_ERROR;
				CLANG_WARN_DOCUMENTATION_COMMENTS = YES;
				CLANG_WARN_EMPTY_BODY = YES;
				CLANG_WARN_ENUM_CONVERSION = YES;
				CLANG_WARN_INFINITE_RECURSION = YES;
				CLANG_WARN_INT_CONVERSION = YES;
				CLANG_WARN_NON_LITERAL_NULL_CONVERSION = YES;
				CLANG_WARN_OBJC_IMPLICIT_RETAIN_SELF = YES;
				CLANG_WARN_OBJC_LITERAL_CONVERSION = YES;
				CLANG_WARN_OBJC_ROOT_CLASS = YES_ERROR;
				CLANG_WARN_RANGE_LOOP_ANALYSIS = YES;
				CLANG_WARN_STRICT_PROTOTYPES = YES;
				CLANG_WARN_SUSPICIOUS_MOVE = YES;
				CLANG_WARN_UNGUARDED_AVAILABILITY = YES_AGGRESSIVE;
				CLANG_WARN_UNREACHABLE_CODE = YES;
				CLANG_WARN__DUPLICATE_METHOD_MATCH = YES;
				COPY_PHASE_STRIP = NO;
				DEBUG_INFORMATION_FORMAT = dwarf;
				ENABLE_STRICT_OBJC_MSGSEND = YES;
				ENABLE_TESTABILITY = YES;
				GCC_C_LANGUAGE_STANDARD = gnu11;
				GCC_DYNAMIC_NO_PIC = NO;
				GCC_NO_COMMON_BLOCKS = YES;
				GCC_OPTIMIZATION_LEVEL = 0;
				GCC_PREPROCESSOR_DEFINITIONS = (
					"DEBUG=1",
					"$(inherited)",
				);
				GCC_WARN_64_TO_32_BIT_CONVERSION = YES;
				GCC_WARN_ABOUT_RETURN_TYPE = YES_ERROR;
				GCC_WARN_UNDECLARED_SELECTOR = YES;
				GCC_WARN_UNINITIALIZED_AUTOS = YES_AGGRESSIVE;
				GCC_WARN_UNUSED_FUNCTION = YES;
				GCC_WARN_UNUSED_VARIABLE = YES;
				IPHONEOS_DEPLOYMENT_TARGET = 13.7;
				MTL_ENABLE_DEBUG_INFO = INCLUDE_SOURCE;
				MTL_FAST_MATH = YES;
				ONLY_ACTIVE_ARCH = YES;
				SDKROOT = iphoneos;
				SWIFT_ACTIVE_COMPILATION_CONDITIONS = DEBUG;
				SWIFT_OPTIMIZATION_LEVEL = "-Onone";
			};
			name = Debug;
		};
		7CEDBF5F25F45ECA00EA76F5 /* Release */ = {
			isa = XCBuildConfiguration;
			buildSettings = {
				ALWAYS_SEARCH_USER_PATHS = NO;
				CLANG_ANALYZER_NONNULL = YES;
				CLANG_ANALYZER_NUMBER_OBJECT_CONVERSION = YES_AGGRESSIVE;
				CLANG_CXX_LANGUAGE_STANDARD = "gnu++14";
				CLANG_CXX_LIBRARY = "libc++";
				CLANG_ENABLE_MODULES = YES;
				CLANG_ENABLE_OBJC_ARC = YES;
				CLANG_ENABLE_OBJC_WEAK = YES;
				CLANG_WARN_BLOCK_CAPTURE_AUTORELEASING = YES;
				CLANG_WARN_BOOL_CONVERSION = YES;
				CLANG_WARN_COMMA = YES;
				CLANG_WARN_CONSTANT_CONVERSION = YES;
				CLANG_WARN_DEPRECATED_OBJC_IMPLEMENTATIONS = YES;
				CLANG_WARN_DIRECT_OBJC_ISA_USAGE = YES_ERROR;
				CLANG_WARN_DOCUMENTATION_COMMENTS = YES;
				CLANG_WARN_EMPTY_BODY = YES;
				CLANG_WARN_ENUM_CONVERSION = YES;
				CLANG_WARN_INFINITE_RECURSION = YES;
				CLANG_WARN_INT_CONVERSION = YES;
				CLANG_WARN_NON_LITERAL_NULL_CONVERSION = YES;
				CLANG_WARN_OBJC_IMPLICIT_RETAIN_SELF = YES;
				CLANG_WARN_OBJC_LITERAL_CONVERSION = YES;
				CLANG_WARN_OBJC_ROOT_CLASS = YES_ERROR;
				CLANG_WARN_RANGE_LOOP_ANALYSIS = YES;
				CLANG_WARN_STRICT_PROTOTYPES = YES;
				CLANG_WARN_SUSPICIOUS_MOVE = YES;
				CLANG_WARN_UNGUARDED_AVAILABILITY = YES_AGGRESSIVE;
				CLANG_WARN_UNREACHABLE_CODE = YES;
				CLANG_WARN__DUPLICATE_METHOD_MATCH = YES;
				COPY_PHASE_STRIP = NO;
				DEBUG_INFORMATION_FORMAT = "dwarf-with-dsym";
				ENABLE_NS_ASSERTIONS = NO;
				ENABLE_STRICT_OBJC_MSGSEND = YES;
				GCC_C_LANGUAGE_STANDARD = gnu11;
				GCC_NO_COMMON_BLOCKS = YES;
				GCC_WARN_64_TO_32_BIT_CONVERSION = YES;
				GCC_WARN_ABOUT_RETURN_TYPE = YES_ERROR;
				GCC_WARN_UNDECLARED_SELECTOR = YES;
				GCC_WARN_UNINITIALIZED_AUTOS = YES_AGGRESSIVE;
				GCC_WARN_UNUSED_FUNCTION = YES;
				GCC_WARN_UNUSED_VARIABLE = YES;
				IPHONEOS_DEPLOYMENT_TARGET = 13.7;
				MTL_ENABLE_DEBUG_INFO = NO;
				MTL_FAST_MATH = YES;
				SDKROOT = iphoneos;
				SWIFT_COMPILATION_MODE = wholemodule;
				SWIFT_OPTIMIZATION_LEVEL = "-O";
				VALIDATE_PRODUCT = YES;
			};
			name = Release;
		};
		7CEDBF6125F45ECA00EA76F5 /* Debug */ = {
			isa = XCBuildConfiguration;
			baseConfigurationReference = 86BC0F0628B35F17CCE9DAA5 /* Pods-Heroi.debug.xcconfig */;
			buildSettings = {
				ASSETCATALOG_COMPILER_APPICON_NAME = AppIcon;
				CODE_SIGN_STYLE = Automatic;
				DEVELOPMENT_TEAM = WTNZ8ZXU8Z;
				INFOPLIST_FILE = Heroi/Application/Info.plist;
				IPHONEOS_DEPLOYMENT_TARGET = 12.0;
				LD_RUNPATH_SEARCH_PATHS = (
					"$(inherited)",
					"@executable_path/Frameworks",
				);
				PRODUCT_BUNDLE_IDENTIFIER = br.com.Heroi;
				PRODUCT_NAME = "$(TARGET_NAME)";
				SWIFT_VERSION = 5.0;
				TARGETED_DEVICE_FAMILY = 1;
			};
			name = Debug;
		};
		7CEDBF6225F45ECA00EA76F5 /* Release */ = {
			isa = XCBuildConfiguration;
			baseConfigurationReference = F52FB501671CE818A137899A /* Pods-Heroi.release.xcconfig */;
			buildSettings = {
				ASSETCATALOG_COMPILER_APPICON_NAME = AppIcon;
				CODE_SIGN_STYLE = Automatic;
				DEVELOPMENT_TEAM = WTNZ8ZXU8Z;
				INFOPLIST_FILE = Heroi/Application/Info.plist;
				IPHONEOS_DEPLOYMENT_TARGET = 12.0;
				LD_RUNPATH_SEARCH_PATHS = (
					"$(inherited)",
					"@executable_path/Frameworks",
				);
				PRODUCT_BUNDLE_IDENTIFIER = br.com.Heroi;
				PRODUCT_NAME = "$(TARGET_NAME)";
				SWIFT_VERSION = 5.0;
				TARGETED_DEVICE_FAMILY = 1;
			};
			name = Release;
		};
		7CEDBF6425F45ECA00EA76F5 /* Debug */ = {
			isa = XCBuildConfiguration;
			baseConfigurationReference = 59ACDABE105940A02183008B /* Pods-HeroiTests.debug.xcconfig */;
			buildSettings = {
				ALWAYS_EMBED_SWIFT_STANDARD_LIBRARIES = YES;
				BUNDLE_LOADER = "$(TEST_HOST)";
				CODE_SIGN_STYLE = Automatic;
				DEVELOPMENT_TEAM = WTNZ8ZXU8Z;
				INFOPLIST_FILE = HeroiTests/Info.plist;
				IPHONEOS_DEPLOYMENT_TARGET = 13.7;
				LD_RUNPATH_SEARCH_PATHS = (
					"$(inherited)",
					"@executable_path/Frameworks",
					"@loader_path/Frameworks",
				);
				PRODUCT_BUNDLE_IDENTIFIER = br.com.HeroiTests;
				PRODUCT_NAME = "$(TARGET_NAME)";
				SWIFT_VERSION = 5.0;
				TARGETED_DEVICE_FAMILY = "1,2";
				TEST_HOST = "$(BUILT_PRODUCTS_DIR)/Heroi.app/Heroi";
			};
			name = Debug;
		};
		7CEDBF6525F45ECA00EA76F5 /* Release */ = {
			isa = XCBuildConfiguration;
			baseConfigurationReference = 704A78D79A5DEB3C32EDE659 /* Pods-HeroiTests.release.xcconfig */;
			buildSettings = {
				ALWAYS_EMBED_SWIFT_STANDARD_LIBRARIES = YES;
				BUNDLE_LOADER = "$(TEST_HOST)";
				CODE_SIGN_STYLE = Automatic;
				DEVELOPMENT_TEAM = WTNZ8ZXU8Z;
				INFOPLIST_FILE = HeroiTests/Info.plist;
				IPHONEOS_DEPLOYMENT_TARGET = 13.7;
				LD_RUNPATH_SEARCH_PATHS = (
					"$(inherited)",
					"@executable_path/Frameworks",
					"@loader_path/Frameworks",
				);
				PRODUCT_BUNDLE_IDENTIFIER = br.com.HeroiTests;
				PRODUCT_NAME = "$(TARGET_NAME)";
				SWIFT_VERSION = 5.0;
				TARGETED_DEVICE_FAMILY = "1,2";
				TEST_HOST = "$(BUILT_PRODUCTS_DIR)/Heroi.app/Heroi";
			};
			name = Release;
		};
		7CEDBF6725F45ECA00EA76F5 /* Debug */ = {
			isa = XCBuildConfiguration;
			baseConfigurationReference = FEB0BE66E55F0931A36F1244 /* Pods-Heroi-HeroiUITests.debug.xcconfig */;
			buildSettings = {
				ALWAYS_EMBED_SWIFT_STANDARD_LIBRARIES = YES;
				CODE_SIGN_STYLE = Automatic;
				DEVELOPMENT_TEAM = WTNZ8ZXU8Z;
				INFOPLIST_FILE = HeroiUITests/Info.plist;
				LD_RUNPATH_SEARCH_PATHS = (
					"$(inherited)",
					"@executable_path/Frameworks",
					"@loader_path/Frameworks",
				);
				PRODUCT_BUNDLE_IDENTIFIER = br.com.HeroiUITests;
				PRODUCT_NAME = "$(TARGET_NAME)";
				SWIFT_VERSION = 5.0;
				TARGETED_DEVICE_FAMILY = "1,2";
				TEST_TARGET_NAME = Heroi;
			};
			name = Debug;
		};
		7CEDBF6825F45ECA00EA76F5 /* Release */ = {
			isa = XCBuildConfiguration;
			baseConfigurationReference = B4B7064B055028A9B25E432B /* Pods-Heroi-HeroiUITests.release.xcconfig */;
			buildSettings = {
				ALWAYS_EMBED_SWIFT_STANDARD_LIBRARIES = YES;
				CODE_SIGN_STYLE = Automatic;
				DEVELOPMENT_TEAM = WTNZ8ZXU8Z;
				INFOPLIST_FILE = HeroiUITests/Info.plist;
				LD_RUNPATH_SEARCH_PATHS = (
					"$(inherited)",
					"@executable_path/Frameworks",
					"@loader_path/Frameworks",
				);
				PRODUCT_BUNDLE_IDENTIFIER = br.com.HeroiUITests;
				PRODUCT_NAME = "$(TARGET_NAME)";
				SWIFT_VERSION = 5.0;
				TARGETED_DEVICE_FAMILY = "1,2";
				TEST_TARGET_NAME = Heroi;
			};
			name = Release;
		};
/* End XCBuildConfiguration section */

/* Begin XCConfigurationList section */
		7CEDBF3125F45EC900EA76F5 /* Build configuration list for PBXProject "Heroi" */ = {
			isa = XCConfigurationList;
			buildConfigurations = (
				7CEDBF5E25F45ECA00EA76F5 /* Debug */,
				7CEDBF5F25F45ECA00EA76F5 /* Release */,
			);
			defaultConfigurationIsVisible = 0;
			defaultConfigurationName = Release;
		};
		7CEDBF6025F45ECA00EA76F5 /* Build configuration list for PBXNativeTarget "Heroi" */ = {
			isa = XCConfigurationList;
			buildConfigurations = (
				7CEDBF6125F45ECA00EA76F5 /* Debug */,
				7CEDBF6225F45ECA00EA76F5 /* Release */,
			);
			defaultConfigurationIsVisible = 0;
			defaultConfigurationName = Release;
		};
		7CEDBF6325F45ECA00EA76F5 /* Build configuration list for PBXNativeTarget "HeroiTests" */ = {
			isa = XCConfigurationList;
			buildConfigurations = (
				7CEDBF6425F45ECA00EA76F5 /* Debug */,
				7CEDBF6525F45ECA00EA76F5 /* Release */,
			);
			defaultConfigurationIsVisible = 0;
			defaultConfigurationName = Release;
		};
		7CEDBF6625F45ECA00EA76F5 /* Build configuration list for PBXNativeTarget "HeroiUITests" */ = {
			isa = XCConfigurationList;
			buildConfigurations = (
				7CEDBF6725F45ECA00EA76F5 /* Debug */,
				7CEDBF6825F45ECA00EA76F5 /* Release */,
			);
			defaultConfigurationIsVisible = 0;
			defaultConfigurationName = Release;
		};
/* End XCConfigurationList section */
	};
	rootObject = 7CEDBF2E25F45EC900EA76F5 /* Project object */;
}
